
Microsoft Visual Studio Solution File, Format Version 12.00
# Visual Studio 15
VisualStudioVersion = 15.0.28307.136
MinimumVisualStudioVersion = 10.0.40219.1
Project("{9A19103F-16F7-4668-BE54-9A1E7A4F7556}") = "Gma.QrCodeNet.Encoding", "Gma.QrCodeNet.Encoding\Gma.QrCodeNet.Encoding.csproj", "{01AD80D7-98C2-42A8-A6FD-01F284DBA1E0}"
EndProject
Project("{9A19103F-16F7-4668-BE54-9A1E7A4F7556}") = "Gma.QrCodeNet.Encoding.Tests", "Gma.QrCodeNet.Encoding.Tests\Gma.QrCodeNet.Encoding.Tests.csproj", "{76A50B4D-F5F0-4C0C-A09B-0105B25F14A5}"
EndProject
Project("{9A19103F-16F7-4668-BE54-9A1E7A4F7556}") = "Gma.QrCodeNet.Demo", "Gma.QrCodeNet.Demo\Gma.QrCodeNet.Demo.csproj", "{50219214-170D-4F32-BBCD-527A60DC04C3}"
EndProject
Global
	GlobalSection(SolutionConfigurationPlatforms) = preSolution
		Debug|Any CPU = Debug|Any CPU
		Release|Any CPU = Release|Any CPU
	EndGlobalSection
	GlobalSection(ProjectConfigurationPlatforms) = postSolution
		{01AD80D7-98C2-42A8-A6FD-01F284DBA1E0}.Debug|Any CPU.ActiveCfg = Debug|Any CPU
		{01AD80D7-98C2-42A8-A6FD-01F284DBA1E0}.Debug|Any CPU.Build.0 = Debug|Any CPU
		{01AD80D7-98C2-42A8-A6FD-01F284DBA1E0}.Release|Any CPU.ActiveCfg = Release|Any CPU
		{01AD80D7-98C2-42A8-A6FD-01F284DBA1E0}.Release|Any CPU.Build.0 = Release|Any CPU
		{76A50B4D-F5F0-4C0C-A09B-0105B25F14A5}.Debug|Any CPU.ActiveCfg = Debug|Any CPU
		{76A50B4D-F5F0-4C0C-A09B-0105B25F14A5}.Debug|Any CPU.Build.0 = Debug|Any CPU
		{76A50B4D-F5F0-4C0C-A09B-0105B25F14A5}.Release|Any CPU.ActiveCfg = Release|Any CPU
		{76A50B4D-F5F0-4C0C-A09B-0105B25F14A5}.Release|Any CPU.Build.0 = Release|Any CPU
		{50219214-170D-4F32-BBCD-527A60DC04C3}.Debug|Any CPU.ActiveCfg = Debug|Any CPU
		{50219214-170D-4F32-BBCD-527A60DC04C3}.Debug|Any CPU.Build.0 = Debug|Any CPU
		{50219214-170D-4F32-BBCD-527A60DC04C3}.Release|Any CPU.ActiveCfg = Release|Any CPU
		{50219214-170D-4F32-BBCD-527A60DC04C3}.Release|Any CPU.Build.0 = Release|Any CPU
	EndGlobalSection
	GlobalSection(SolutionProperties) = preSolution
		HideSolutionNode = FALSE
	EndGlobalSection
	GlobalSection(ExtensibilityGlobals) = postSolution
		SolutionGuid = {3D255A44-4805-405A-8ABE-38B067591E88}
	EndGlobalSection
EndGlobal
